
Microsoft Visual Studio Solution File, Format Version 12.00
# Visual Studio Version 16
VisualStudioVersion = 16.0.33927.289
MinimumVisualStudioVersion = 10.0.40219.1
Project("{FAE04EC0-301F-11D3-BF4B-00C04F79EFBC}") = "Auction", "Auction\Auction.csproj", "{A9268D60-367D-4578-B4BF-C4196F5C5C5D}"
EndProject
Global
	GlobalSection(SolutionConfigurationPlatforms) = preSolution
		Debug|Any CPU = Debug|Any CPU
		Release|Any CPU = Release|Any CPU
	EndGlobalSection
	GlobalSection(ProjectConfigurationPlatforms) = postSolution
		{A9268D60-367D-4578-B4BF-C4196F5C5C5D}.Debug|Any CPU.ActiveCfg = Debug|Any CPU
		{A9268D60-367D-4578-B4BF-C4196F5C5C5D}.Debug|Any CPU.Build.0 = Debug|Any CPU
		{A9268D60-367D-4578-B4BF-C4196F5C5C5D}.Release|Any CPU.ActiveCfg = Release|Any CPU
		{A9268D60-367D-4578-B4BF-C4196F5C5C5D}.Release|Any CPU.Build.0 = Release|Any CPU
	EndGlobalSection
	GlobalSection(SolutionProperties) = preSolution
		HideSolutionNode = FALSE
	EndGlobalSection
	GlobalSection(ExtensibilityGlobals) = postSolution
		SolutionGuid = {8BA5637F-BB0B-4C78-A187-1A712ADDEB55}
	EndGlobalSection
EndGlobal
